// !$*UTF8*$!
{
	archiveVersion = 1;
	classes = {
	};
	objectVersion = 50;
	objects = {

/* Begin PBXBuildFile section */
		3A1132952567A8F00074922F /* PhotoMainListRouter.swift in Sources */ = {isa = PBXBuildFile; fileRef = 3A1132942567A8F00074922F /* PhotoMainListRouter.swift */; };
		3A1132992567AC1F0074922F /* PhotoSearchListInteractor.swift in Sources */ = {isa = PBXBuildFile; fileRef = 3A1132982567AC1F0074922F /* PhotoSearchListInteractor.swift */; };
		3A11329D2567ACC80074922F /* PhotoSearchListPresenter.swift in Sources */ = {isa = PBXBuildFile; fileRef = 3A11329C2567ACC80074922F /* PhotoSearchListPresenter.swift */; };
		3A15FA8425663AB6008442CF /* PhotoMainListPresentable.swift in Sources */ = {isa = PBXBuildFile; fileRef = 3A15FA8325663AB6008442CF /* PhotoMainListPresentable.swift */; };
		3A15FA8A25663B35008442CF /* PhotoMainListInteractor.swift in Sources */ = {isa = PBXBuildFile; fileRef = 3A15FA8925663B35008442CF /* PhotoMainListInteractor.swift */; };
		3A15FA9225665541008442CF /* PhotoListRouter.swift in Sources */ = {isa = PBXBuildFile; fileRef = 3A15FA9125665541008442CF /* PhotoListRouter.swift */; };
		3A15FA96256655A7008442CF /* Router.swift in Sources */ = {isa = PBXBuildFile; fileRef = 3A15FA95256655A7008442CF /* Router.swift */; };
		3A15FA9A25665698008442CF /* View.swift in Sources */ = {isa = PBXBuildFile; fileRef = 3A15FA9925665698008442CF /* View.swift */; };
		3AA50CD325660E3C00D7392C /* PhotoListViewController.swift in Sources */ = {isa = PBXBuildFile; fileRef = 3AA50CD225660E3C00D7392C /* PhotoListViewController.swift */; };
		3AA50CDA25660E9F00D7392C /* PhotoPageViewController.swift in Sources */ = {isa = PBXBuildFile; fileRef = 3AA50CD925660E9F00D7392C /* PhotoPageViewController.swift */; };
		3AA50CDE256610D900D7392C /* PhotoMainListViewController.swift in Sources */ = {isa = PBXBuildFile; fileRef = 3AA50CDD256610D900D7392C /* PhotoMainListViewController.swift */; };
		3AA50CE22566110000D7392C /* PhotoSearchListViewController.swift in Sources */ = {isa = PBXBuildFile; fileRef = 3AA50CE12566110000D7392C /* PhotoSearchListViewController.swift */; };
		3AA50CE82566168E00D7392C /* PhotoListInteractor.swift in Sources */ = {isa = PBXBuildFile; fileRef = 3AA50CE72566168E00D7392C /* PhotoListInteractor.swift */; };
		3AA50CEE2566197D00D7392C /* PhotoListContainerView.swift in Sources */ = {isa = PBXBuildFile; fileRef = 3AA50CED2566197D00D7392C /* PhotoListContainerView.swift */; };
		3AA50CF425661DF500D7392C /* PhotoListPresenter.swift in Sources */ = {isa = PBXBuildFile; fileRef = 3AA50CF325661DF500D7392C /* PhotoListPresenter.swift */; };
		3AA50CFB25661F1A00D7392C /* Presenter.swift in Sources */ = {isa = PBXBuildFile; fileRef = 3AA50CFA25661F1A00D7392C /* Presenter.swift */; };
		3AB8E57B2564F407006CC56F /* ModelExtension.swift in Sources */ = {isa = PBXBuildFile; fileRef = 3AB8E57A2564F407006CC56F /* ModelExtension.swift */; };
		3ABB88C225674EF70036D0EF /* PhotoListTableViewCell.swift in Sources */ = {isa = PBXBuildFile; fileRef = 3ABB88C125674EF70036D0EF /* PhotoListTableViewCell.swift */; };
		3ABB88C6256750EF0036D0EF /* UnsplashInitialRouter.swift in Sources */ = {isa = PBXBuildFile; fileRef = 3ABB88C5256750EF0036D0EF /* UnsplashInitialRouter.swift */; };
		3AD7CDBF25635D13002B97CB /* AppDelegate.swift in Sources */ = {isa = PBXBuildFile; fileRef = 3AD7CDBE25635D13002B97CB /* AppDelegate.swift */; };
		3AD7CDC625635D13002B97CB /* Main.storyboard in Resources */ = {isa = PBXBuildFile; fileRef = 3AD7CDC425635D13002B97CB /* Main.storyboard */; };
		3AD7CDC825635D14002B97CB /* Assets.xcassets in Resources */ = {isa = PBXBuildFile; fileRef = 3AD7CDC725635D14002B97CB /* Assets.xcassets */; };
		3AD7CDCB25635D14002B97CB /* LaunchScreen.storyboard in Resources */ = {isa = PBXBuildFile; fileRef = 3AD7CDC925635D14002B97CB /* LaunchScreen.storyboard */; };
		3AD7CE07256362CB002B97CB /* Loggable.swift in Sources */ = {isa = PBXBuildFile; fileRef = 3AD7CE06256362CB002B97CB /* Loggable.swift */; };
		3AD7CE0D256392D6002B97CB /* API.swift in Sources */ = {isa = PBXBuildFile; fileRef = 3AD7CE0C256392D6002B97CB /* API.swift */; };
		3AD7CE182563AE9B002B97CB /* APITests.swift in Sources */ = {isa = PBXBuildFile; fileRef = 3AD7CE172563AE9B002B97CB /* APITests.swift */; };
		3AD7CE1E2563AF55002B97CB /* APIExtensions.swift in Sources */ = {isa = PBXBuildFile; fileRef = 3AD7CE1D2563AF55002B97CB /* APIExtensions.swift */; };
		3AD7CE252563CE2B002B97CB /* UnsplashAPI.swift in Sources */ = {isa = PBXBuildFile; fileRef = 3AD7CE242563CE2B002B97CB /* UnsplashAPI.swift */; };
		3AD96F322564B44000C1490E /* CommonExtension.swift in Sources */ = {isa = PBXBuildFile; fileRef = 3AD96F312564B44000C1490E /* CommonExtension.swift */; };
		3AD96F3A2564B7C900C1490E /* UnsplashTests.swift in Sources */ = {isa = PBXBuildFile; fileRef = 3AD96F392564B7C900C1490E /* UnsplashTests.swift */; };
		3AD96F3F2564B85F00C1490E /* UnsplashModel.swift in Sources */ = {isa = PBXBuildFile; fileRef = 3AD96F3E2564B85F00C1490E /* UnsplashModel.swift */; };
		3AF9D5AA25668A79001B4971 /* Image.swift in Sources */ = {isa = PBXBuildFile; fileRef = 3AF9D5A925668A79001B4971 /* Image.swift */; };
		993F0539256541BA00A49773 /* PageView.swift in Sources */ = {isa = PBXBuildFile; fileRef = 993F0538256541BA00A49773 /* PageView.swift */; };
/* End PBXBuildFile section */

/* Begin PBXContainerItemProxy section */
		3AD7CDD225635D14002B97CB /* PBXContainerItemProxy */ = {
			isa = PBXContainerItemProxy;
			containerPortal = 3AD7CDB325635D12002B97CB /* Project object */;
			proxyType = 1;
			remoteGlobalIDString = 3AD7CDBA25635D12002B97CB;
			remoteInfo = HKImageDemo;
		};
/* End PBXContainerItemProxy section */

/* Begin PBXFileReference section */
		3A1132942567A8F00074922F /* PhotoMainListRouter.swift */ = {isa = PBXFileReference; lastKnownFileType = sourcecode.swift; path = PhotoMainListRouter.swift; sourceTree = "<group>"; };
		3A1132982567AC1F0074922F /* PhotoSearchListInteractor.swift */ = {isa = PBXFileReference; lastKnownFileType = sourcecode.swift; path = PhotoSearchListInteractor.swift; sourceTree = "<group>"; };
		3A11329C2567ACC80074922F /* PhotoSearchListPresenter.swift */ = {isa = PBXFileReference; lastKnownFileType = sourcecode.swift; path = PhotoSearchListPresenter.swift; sourceTree = "<group>"; };
		3A15FA8325663AB6008442CF /* PhotoMainListPresentable.swift */ = {isa = PBXFileReference; lastKnownFileType = sourcecode.swift; path = PhotoMainListPresentable.swift; sourceTree = "<group>"; };
		3A15FA8925663B35008442CF /* PhotoMainListInteractor.swift */ = {isa = PBXFileReference; lastKnownFileType = sourcecode.swift; path = PhotoMainListInteractor.swift; sourceTree = "<group>"; };
		3A15FA9125665541008442CF /* PhotoListRouter.swift */ = {isa = PBXFileReference; lastKnownFileType = sourcecode.swift; path = PhotoListRouter.swift; sourceTree = "<group>"; };
		3A15FA95256655A7008442CF /* Router.swift */ = {isa = PBXFileReference; lastKnownFileType = sourcecode.swift; path = Router.swift; sourceTree = "<group>"; };
		3A15FA9925665698008442CF /* View.swift */ = {isa = PBXFileReference; lastKnownFileType = sourcecode.swift; path = View.swift; sourceTree = "<group>"; };
		3AA50CD225660E3C00D7392C /* PhotoListViewController.swift */ = {isa = PBXFileReference; lastKnownFileType = sourcecode.swift; path = PhotoListViewController.swift; sourceTree = "<group>"; };
		3AA50CD925660E9F00D7392C /* PhotoPageViewController.swift */ = {isa = PBXFileReference; lastKnownFileType = sourcecode.swift; path = PhotoPageViewController.swift; sourceTree = "<group>"; };
		3AA50CDD256610D900D7392C /* PhotoMainListViewController.swift */ = {isa = PBXFileReference; lastKnownFileType = sourcecode.swift; path = PhotoMainListViewController.swift; sourceTree = "<group>"; };
		3AA50CE12566110000D7392C /* PhotoSearchListViewController.swift */ = {isa = PBXFileReference; lastKnownFileType = sourcecode.swift; path = PhotoSearchListViewController.swift; sourceTree = "<group>"; };
		3AA50CE72566168E00D7392C /* PhotoListInteractor.swift */ = {isa = PBXFileReference; lastKnownFileType = sourcecode.swift; path = PhotoListInteractor.swift; sourceTree = "<group>"; };
		3AA50CED2566197D00D7392C /* PhotoListContainerView.swift */ = {isa = PBXFileReference; lastKnownFileType = sourcecode.swift; path = PhotoListContainerView.swift; sourceTree = "<group>"; };
		3AA50CF325661DF500D7392C /* PhotoListPresenter.swift */ = {isa = PBXFileReference; lastKnownFileType = sourcecode.swift; path = PhotoListPresenter.swift; sourceTree = "<group>"; };
		3AA50CFA25661F1A00D7392C /* Presenter.swift */ = {isa = PBXFileReference; lastKnownFileType = sourcecode.swift; path = Presenter.swift; sourceTree = "<group>"; };
		3AB8E57A2564F407006CC56F /* ModelExtension.swift */ = {isa = PBXFileReference; lastKnownFileType = sourcecode.swift; path = ModelExtension.swift; sourceTree = "<group>"; };
		3ABB88C125674EF70036D0EF /* PhotoListTableViewCell.swift */ = {isa = PBXFileReference; lastKnownFileType = sourcecode.swift; path = PhotoListTableViewCell.swift; sourceTree = "<group>"; };
		3ABB88C5256750EF0036D0EF /* UnsplashInitialRouter.swift */ = {isa = PBXFileReference; lastKnownFileType = sourcecode.swift; path = UnsplashInitialRouter.swift; sourceTree = "<group>"; };
		3AD7CDBB25635D12002B97CB /* HKImageDemo.app */ = {isa = PBXFileReference; explicitFileType = wrapper.application; includeInIndex = 0; path = HKImageDemo.app; sourceTree = BUILT_PRODUCTS_DIR; };
		3AD7CDBE25635D13002B97CB /* AppDelegate.swift */ = {isa = PBXFileReference; lastKnownFileType = sourcecode.swift; path = AppDelegate.swift; sourceTree = "<group>"; };
		3AD7CDC525635D13002B97CB /* Base */ = {isa = PBXFileReference; lastKnownFileType = file.storyboard; name = Base; path = Base.lproj/Main.storyboard; sourceTree = "<group>"; };
		3AD7CDC725635D14002B97CB /* Assets.xcassets */ = {isa = PBXFileReference; lastKnownFileType = folder.assetcatalog; path = Assets.xcassets; sourceTree = "<group>"; };
		3AD7CDCA25635D14002B97CB /* Base */ = {isa = PBXFileReference; lastKnownFileType = file.storyboard; name = Base; path = Base.lproj/LaunchScreen.storyboard; sourceTree = "<group>"; };
		3AD7CDCC25635D14002B97CB /* Info.plist */ = {isa = PBXFileReference; lastKnownFileType = text.plist.xml; path = Info.plist; sourceTree = "<group>"; };
		3AD7CDD125635D14002B97CB /* HKImageDemoTests.xctest */ = {isa = PBXFileReference; explicitFileType = wrapper.cfbundle; includeInIndex = 0; path = HKImageDemoTests.xctest; sourceTree = BUILT_PRODUCTS_DIR; };
		3AD7CDD725635D14002B97CB /* Info.plist */ = {isa = PBXFileReference; lastKnownFileType = text.plist.xml; path = Info.plist; sourceTree = "<group>"; };
		3AD7CE06256362CB002B97CB /* Loggable.swift */ = {isa = PBXFileReference; lastKnownFileType = sourcecode.swift; path = Loggable.swift; sourceTree = "<group>"; };
		3AD7CE0C256392D6002B97CB /* API.swift */ = {isa = PBXFileReference; lastKnownFileType = sourcecode.swift; path = API.swift; sourceTree = "<group>"; };
		3AD7CE172563AE9B002B97CB /* APITests.swift */ = {isa = PBXFileReference; lastKnownFileType = sourcecode.swift; path = APITests.swift; sourceTree = "<group>"; };
		3AD7CE1D2563AF55002B97CB /* APIExtensions.swift */ = {isa = PBXFileReference; lastKnownFileType = sourcecode.swift; path = APIExtensions.swift; sourceTree = "<group>"; };
		3AD7CE242563CE2B002B97CB /* UnsplashAPI.swift */ = {isa = PBXFileReference; lastKnownFileType = sourcecode.swift; path = UnsplashAPI.swift; sourceTree = "<group>"; };
		3AD96F312564B44000C1490E /* CommonExtension.swift */ = {isa = PBXFileReference; lastKnownFileType = sourcecode.swift; path = CommonExtension.swift; sourceTree = "<group>"; };
		3AD96F392564B7C900C1490E /* UnsplashTests.swift */ = {isa = PBXFileReference; lastKnownFileType = sourcecode.swift; path = UnsplashTests.swift; sourceTree = "<group>"; };
		3AD96F3E2564B85F00C1490E /* UnsplashModel.swift */ = {isa = PBXFileReference; lastKnownFileType = sourcecode.swift; path = UnsplashModel.swift; sourceTree = "<group>"; };
		3AF9D5A925668A79001B4971 /* Image.swift */ = {isa = PBXFileReference; lastKnownFileType = sourcecode.swift; path = Image.swift; sourceTree = "<group>"; };
		993F0538256541BA00A49773 /* PageView.swift */ = {isa = PBXFileReference; lastKnownFileType = sourcecode.swift; path = PageView.swift; sourceTree = "<group>"; };
/* End PBXFileReference section */

/* Begin PBXFrameworksBuildPhase section */
		3AD7CDB825635D12002B97CB /* Frameworks */ = {
			isa = PBXFrameworksBuildPhase;
			buildActionMask = 2147483647;
			files = (
			);
			runOnlyForDeploymentPostprocessing = 0;
		};
		3AD7CDCE25635D14002B97CB /* Frameworks */ = {
			isa = PBXFrameworksBuildPhase;
			buildActionMask = 2147483647;
			files = (
			);
			runOnlyForDeploymentPostprocessing = 0;
		};
/* End PBXFrameworksBuildPhase section */

/* Begin PBXGroup section */
		3A15FA81256639D8008442CF /* Main */ = {
			isa = PBXGroup;
			children = (
				3AA50CDD256610D900D7392C /* PhotoMainListViewController.swift */,
				3A15FA8325663AB6008442CF /* PhotoMainListPresentable.swift */,
				3A15FA8925663B35008442CF /* PhotoMainListInteractor.swift */,
				3A1132942567A8F00074922F /* PhotoMainListRouter.swift */,
			);
			path = Main;
			sourceTree = "<group>";
		};
		3A15FA82256639DF008442CF /* Search */ = {
			isa = PBXGroup;
			children = (
				3AA50CE12566110000D7392C /* PhotoSearchListViewController.swift */,
				3A11329C2567ACC80074922F /* PhotoSearchListPresenter.swift */,
				3A1132982567AC1F0074922F /* PhotoSearchListInteractor.swift */,
			);
			path = Search;
			sourceTree = "<group>";
		};
		3AA50CD125660E2B00D7392C /* PhotoList */ = {
			isa = PBXGroup;
			children = (
				3A15FA81256639D8008442CF /* Main */,
				3A15FA82256639DF008442CF /* Search */,
				3AA50CD225660E3C00D7392C /* PhotoListViewController.swift */,
				3AA50CE72566168E00D7392C /* PhotoListInteractor.swift */,
				3AA50CF325661DF500D7392C /* PhotoListPresenter.swift */,
				3A15FA9125665541008442CF /* PhotoListRouter.swift */,
				3ABB88C125674EF70036D0EF /* PhotoListTableViewCell.swift */,
			);
			path = PhotoList;
			sourceTree = "<group>";
		};
		3AA50CD825660E8900D7392C /* PhotoPage */ = {
			isa = PBXGroup;
			children = (
				3AA50CD925660E9F00D7392C /* PhotoPageViewController.swift */,
			);
			path = PhotoPage;
			sourceTree = "<group>";
		};
		3AA50CF725661EC600D7392C /* Unsplash */ = {
			isa = PBXGroup;
			children = (
				3ABB88C5256750EF0036D0EF /* UnsplashInitialRouter.swift */,
				3AA50CED2566197D00D7392C /* PhotoListContainerView.swift */,
				3AA50CD125660E2B00D7392C /* PhotoList */,
				3AA50CD825660E8900D7392C /* PhotoPage */,
			);
			path = Unsplash;
			sourceTree = "<group>";
		};
		3AD7CDB225635D12002B97CB = {
			isa = PBXGroup;
			children = (
				3AD7CDBD25635D13002B97CB /* HKImageDemo */,
				3AD7CDD425635D14002B97CB /* HKImageDemoTests */,
				3AD7CDBC25635D12002B97CB /* Products */,
			);
			sourceTree = "<group>";
		};
		3AD7CDBC25635D12002B97CB /* Products */ = {
			isa = PBXGroup;
			children = (
				3AD7CDBB25635D12002B97CB /* HKImageDemo.app */,
				3AD7CDD125635D14002B97CB /* HKImageDemoTests.xctest */,
			);
			name = Products;
			sourceTree = "<group>";
		};
		3AD7CDBD25635D13002B97CB /* HKImageDemo */ = {
			isa = PBXGroup;
			children = (
				3AA50CF725661EC600D7392C /* Unsplash */,
				3AD96F442564B88100C1490E /* API */,
				3AD7CE05256362B5002B97CB /* Common */,
				993F0537256541A500A49773 /* Components */,
				3AD96F3D2564B84800C1490E /* Model */,
				3AD7CDBE25635D13002B97CB /* AppDelegate.swift */,
				3AD7CDC425635D13002B97CB /* Main.storyboard */,
				3AD7CDC725635D14002B97CB /* Assets.xcassets */,
				3AD7CDC925635D14002B97CB /* LaunchScreen.storyboard */,
				3AD7CDCC25635D14002B97CB /* Info.plist */,
			);
			path = HKImageDemo;
			sourceTree = "<group>";
		};
		3AD7CDD425635D14002B97CB /* HKImageDemoTests */ = {
			isa = PBXGroup;
			children = (
				3AD7CE172563AE9B002B97CB /* APITests.swift */,
				3AD96F392564B7C900C1490E /* UnsplashTests.swift */,
				3AD7CDD725635D14002B97CB /* Info.plist */,
			);
			path = HKImageDemoTests;
			sourceTree = "<group>";
		};
		3AD7CE05256362B5002B97CB /* Common */ = {
			isa = PBXGroup;
			children = (
				3AD7CE06256362CB002B97CB /* Loggable.swift */,
				3AD96F312564B44000C1490E /* CommonExtension.swift */,
				3AA50CFA25661F1A00D7392C /* Presenter.swift */,
				3A15FA95256655A7008442CF /* Router.swift */,
				3A15FA9925665698008442CF /* View.swift */,
				3AF9D5A925668A79001B4971 /* Image.swift */,
			);
			path = Common;
			sourceTree = "<group>";
		};
		3AD96F3D2564B84800C1490E /* Model */ = {
			isa = PBXGroup;
			children = (
				3AD96F3E2564B85F00C1490E /* UnsplashModel.swift */,
				3AB8E57A2564F407006CC56F /* ModelExtension.swift */,
			);
			path = Model;
			sourceTree = "<group>";
		};
		3AD96F442564B88100C1490E /* API */ = {
			isa = PBXGroup;
			children = (
				3AD7CE0C256392D6002B97CB /* API.swift */,
				3AD7CE242563CE2B002B97CB /* UnsplashAPI.swift */,
				3AD7CE1D2563AF55002B97CB /* APIExtensions.swift */,
			);
			path = API;
			sourceTree = "<group>";
		};
		993F0537256541A500A49773 /* Components */ = {
			isa = PBXGroup;
			children = (
				993F0538256541BA00A49773 /* PageView.swift */,
			);
			path = Components;
			sourceTree = "<group>";
		};
/* End PBXGroup section */

/* Begin PBXNativeTarget section */
		3AD7CDBA25635D12002B97CB /* HKImageDemo */ = {
			isa = PBXNativeTarget;
			buildConfigurationList = 3AD7CDE525635D14002B97CB /* Build configuration list for PBXNativeTarget "HKImageDemo" */;
			buildPhases = (
				3AD7CDB725635D12002B97CB /* Sources */,
				3AD7CDB825635D12002B97CB /* Frameworks */,
				3AD7CDB925635D12002B97CB /* Resources */,
			);
			buildRules = (
			);
			dependencies = (
			);
			name = HKImageDemo;
			packageProductDependencies = (
			);
			productName = HKImageDemo;
			productReference = 3AD7CDBB25635D12002B97CB /* HKImageDemo.app */;
			productType = "com.apple.product-type.application";
		};
		3AD7CDD025635D14002B97CB /* HKImageDemoTests */ = {
			isa = PBXNativeTarget;
			buildConfigurationList = 3AD7CDE825635D14002B97CB /* Build configuration list for PBXNativeTarget "HKImageDemoTests" */;
			buildPhases = (
				3AD7CDCD25635D14002B97CB /* Sources */,
				3AD7CDCE25635D14002B97CB /* Frameworks */,
				3AD7CDCF25635D14002B97CB /* Resources */,
			);
			buildRules = (
			);
			dependencies = (
				3AD7CDD325635D14002B97CB /* PBXTargetDependency */,
			);
			name = HKImageDemoTests;
			productName = HKImageDemoTests;
			productReference = 3AD7CDD125635D14002B97CB /* HKImageDemoTests.xctest */;
			productType = "com.apple.product-type.bundle.unit-test";
		};
/* End PBXNativeTarget section */

/* Begin PBXProject section */
		3AD7CDB325635D12002B97CB /* Project object */ = {
			isa = PBXProject;
			attributes = {
				LastSwiftUpdateCheck = 1220;
				LastUpgradeCheck = 1220;
				TargetAttributes = {
					3AD7CDBA25635D12002B97CB = {
						CreatedOnToolsVersion = 12.2;
					};
					3AD7CDD025635D14002B97CB = {
						CreatedOnToolsVersion = 12.2;
						TestTargetID = 3AD7CDBA25635D12002B97CB;
					};
				};
			};
			buildConfigurationList = 3AD7CDB625635D12002B97CB /* Build configuration list for PBXProject "HKImageDemo" */;
			compatibilityVersion = "Xcode 9.3";
			developmentRegion = en;
			hasScannedForEncodings = 0;
			knownRegions = (
				en,
				Base,
			);
			mainGroup = 3AD7CDB225635D12002B97CB;
			packageReferences = (
			);
			productRefGroup = 3AD7CDBC25635D12002B97CB /* Products */;
			projectDirPath = "";
			projectRoot = "";
			targets = (
				3AD7CDBA25635D12002B97CB /* HKImageDemo */,
				3AD7CDD025635D14002B97CB /* HKImageDemoTests */,
			);
		};
/* End PBXProject section */

/* Begin PBXResourcesBuildPhase section */
		3AD7CDB925635D12002B97CB /* Resources */ = {
			isa = PBXResourcesBuildPhase;
			buildActionMask = 2147483647;
			files = (
				3AD7CDCB25635D14002B97CB /* LaunchScreen.storyboard in Resources */,
				3AD7CDC825635D14002B97CB /* Assets.xcassets in Resources */,
				3AD7CDC625635D13002B97CB /* Main.storyboard in Resources */,
			);
			runOnlyForDeploymentPostprocessing = 0;
		};
		3AD7CDCF25635D14002B97CB /* Resources */ = {
			isa = PBXResourcesBuildPhase;
			buildActionMask = 2147483647;
			files = (
			);
			runOnlyForDeploymentPostprocessing = 0;
		};
/* End PBXResourcesBuildPhase section */

/* Begin PBXSourcesBuildPhase section */
		3AD7CDB725635D12002B97CB /* Sources */ = {
			isa = PBXSourcesBuildPhase;
			buildActionMask = 2147483647;
			files = (
				3ABB88C225674EF70036D0EF /* PhotoListTableViewCell.swift in Sources */,
				3A11329D2567ACC80074922F /* PhotoSearchListPresenter.swift in Sources */,
				3AD96F3F2564B85F00C1490E /* UnsplashModel.swift in Sources */,
				3AA50CF425661DF500D7392C /* PhotoListPresenter.swift in Sources */,
				3AF9D5AA25668A79001B4971 /* Image.swift in Sources */,
				3ABB88C6256750EF0036D0EF /* UnsplashInitialRouter.swift in Sources */,
				3AA50CE22566110000D7392C /* PhotoSearchListViewController.swift in Sources */,
				3AA50CFB25661F1A00D7392C /* Presenter.swift in Sources */,
				3AA50CE82566168E00D7392C /* PhotoListInteractor.swift in Sources */,
				3AA50CEE2566197D00D7392C /* PhotoListContainerView.swift in Sources */,
				3AD7CE07256362CB002B97CB /* Loggable.swift in Sources */,
				3A15FA9225665541008442CF /* PhotoListRouter.swift in Sources */,
				3AD7CE0D256392D6002B97CB /* API.swift in Sources */,
				3AD7CE1E2563AF55002B97CB /* APIExtensions.swift in Sources */,
				3A15FA96256655A7008442CF /* Router.swift in Sources */,
				3AD7CE252563CE2B002B97CB /* UnsplashAPI.swift in Sources */,
				3AA50CD325660E3C00D7392C /* PhotoListViewController.swift in Sources */,
				3A15FA8425663AB6008442CF /* PhotoMainListPresentable.swift in Sources */,
				3AB8E57B2564F407006CC56F /* ModelExtension.swift in Sources */,
				3AD96F322564B44000C1490E /* CommonExtension.swift in Sources */,
				993F0539256541BA00A49773 /* PageView.swift in Sources */,
				3A1132952567A8F00074922F /* PhotoMainListRouter.swift in Sources */,
				3A1132992567AC1F0074922F /* PhotoSearchListInteractor.swift in Sources */,
				3AA50CDA25660E9F00D7392C /* PhotoPageViewController.swift in Sources */,
				3AA50CDE256610D900D7392C /* PhotoMainListViewController.swift in Sources */,
				3A15FA8A25663B35008442CF /* PhotoMainListInteractor.swift in Sources */,
				3A15FA9A25665698008442CF /* View.swift in Sources */,
				3AD7CDBF25635D13002B97CB /* AppDelegate.swift in Sources */,
			);
			runOnlyForDeploymentPostprocessing = 0;
		};
		3AD7CDCD25635D14002B97CB /* Sources */ = {
			isa = PBXSourcesBuildPhase;
			buildActionMask = 2147483647;
			files = (
				3AD7CE182563AE9B002B97CB /* APITests.swift in Sources */,
				3AD96F3A2564B7C900C1490E /* UnsplashTests.swift in Sources */,
			);
			runOnlyForDeploymentPostprocessing = 0;
		};
/* End PBXSourcesBuildPhase section */

/* Begin PBXTargetDependency section */
		3AD7CDD325635D14002B97CB /* PBXTargetDependency */ = {
			isa = PBXTargetDependency;
			target = 3AD7CDBA25635D12002B97CB /* HKImageDemo */;
			targetProxy = 3AD7CDD225635D14002B97CB /* PBXContainerItemProxy */;
		};
/* End PBXTargetDependency section */

/* Begin PBXVariantGroup section */
		3AD7CDC425635D13002B97CB /* Main.storyboard */ = {
			isa = PBXVariantGroup;
			children = (
				3AD7CDC525635D13002B97CB /* Base */,
			);
			name = Main.storyboard;
			sourceTree = "<group>";
		};
		3AD7CDC925635D14002B97CB /* LaunchScreen.storyboard */ = {
			isa = PBXVariantGroup;
			children = (
				3AD7CDCA25635D14002B97CB /* Base */,
			);
			name = LaunchScreen.storyboard;
			sourceTree = "<group>";
		};
/* End PBXVariantGroup section */

/* Begin XCBuildConfiguration section */
		3AD7CDE325635D14002B97CB /* Debug */ = {
			isa = XCBuildConfiguration;
			buildSettings = {
				ALWAYS_SEARCH_USER_PATHS = NO;
				CLANG_ANALYZER_NONNULL = YES;
				CLANG_ANALYZER_NUMBER_OBJECT_CONVERSION = YES_AGGRESSIVE;
				CLANG_CXX_LANGUAGE_STANDARD = "gnu++14";
				CLANG_CXX_LIBRARY = "libc++";
				CLANG_ENABLE_MODULES = YES;
				CLANG_ENABLE_OBJC_ARC = YES;
				CLANG_ENABLE_OBJC_WEAK = YES;
				CLANG_WARN_BLOCK_CAPTURE_AUTORELEASING = YES;
				CLANG_WARN_BOOL_CONVERSION = YES;
				CLANG_WARN_COMMA = YES;
				CLANG_WARN_CONSTANT_CONVERSION = YES;
				CLANG_WARN_DEPRECATED_OBJC_IMPLEMENTATIONS = YES;
				CLANG_WARN_DIRECT_OBJC_ISA_USAGE = YES_ERROR;
				CLANG_WARN_DOCUMENTATION_COMMENTS = YES;
				CLANG_WARN_EMPTY_BODY = YES;
				CLANG_WARN_ENUM_CONVERSION = YES;
				CLANG_WARN_INFINITE_RECURSION = YES;
				CLANG_WARN_INT_CONVERSION = YES;
				CLANG_WARN_NON_LITERAL_NULL_CONVERSION = YES;
				CLANG_WARN_OBJC_IMPLICIT_RETAIN_SELF = YES;
				CLANG_WARN_OBJC_LITERAL_CONVERSION = YES;
				CLANG_WARN_OBJC_ROOT_CLASS = YES_ERROR;
				CLANG_WARN_QUOTED_INCLUDE_IN_FRAMEWORK_HEADER = YES;
				CLANG_WARN_RANGE_LOOP_ANALYSIS = YES;
				CLANG_WARN_STRICT_PROTOTYPES = YES;
				CLANG_WARN_SUSPICIOUS_MOVE = YES;
				CLANG_WARN_UNGUARDED_AVAILABILITY = YES_AGGRESSIVE;
				CLANG_WARN_UNREACHABLE_CODE = YES;
				CLANG_WARN__DUPLICATE_METHOD_MATCH = YES;
				COPY_PHASE_STRIP = NO;
				DEBUG_INFORMATION_FORMAT = dwarf;
				ENABLE_STRICT_OBJC_MSGSEND = YES;
				ENABLE_TESTABILITY = YES;
				GCC_C_LANGUAGE_STANDARD = gnu11;
				GCC_DYNAMIC_NO_PIC = NO;
				GCC_NO_COMMON_BLOCKS = YES;
				GCC_OPTIMIZATION_LEVEL = 0;
				GCC_PREPROCESSOR_DEFINITIONS = (
					"DEBUG=1",
					"$(inherited)",
				);
				GCC_WARN_64_TO_32_BIT_CONVERSION = YES;
				GCC_WARN_ABOUT_RETURN_TYPE = YES_ERROR;
				GCC_WARN_UNDECLARED_SELECTOR = YES;
				GCC_WARN_UNINITIALIZED_AUTOS = YES_AGGRESSIVE;
				GCC_WARN_UNUSED_FUNCTION = YES;
				GCC_WARN_UNUSED_VARIABLE = YES;
				IPHONEOS_DEPLOYMENT_TARGET = 12.0;
				MTL_ENABLE_DEBUG_INFO = INCLUDE_SOURCE;
				MTL_FAST_MATH = YES;
				ONLY_ACTIVE_ARCH = YES;
				SDKROOT = iphoneos;
				SWIFT_ACTIVE_COMPILATION_CONDITIONS = DEBUG;
				SWIFT_OPTIMIZATION_LEVEL = "-Onone";
			};
			name = Debug;
		};
		3AD7CDE425635D14002B97CB /* Release */ = {
			isa = XCBuildConfiguration;
			buildSettings = {
				ALWAYS_SEARCH_USER_PATHS = NO;
				CLANG_ANALYZER_NONNULL = YES;
				CLANG_ANALYZER_NUMBER_OBJECT_CONVERSION = YES_AGGRESSIVE;
				CLANG_CXX_LANGUAGE_STANDARD = "gnu++14";
				CLANG_CXX_LIBRARY = "libc++";
				CLANG_ENABLE_MODULES = YES;
				CLANG_ENABLE_OBJC_ARC = YES;
				CLANG_ENABLE_OBJC_WEAK = YES;
				CLANG_WARN_BLOCK_CAPTURE_AUTORELEASING = YES;
				CLANG_WARN_BOOL_CONVERSION = YES;
				CLANG_WARN_COMMA = YES;
				CLANG_WARN_CONSTANT_CONVERSION = YES;
				CLANG_WARN_DEPRECATED_OBJC_IMPLEMENTATIONS = YES;
				CLANG_WARN_DIRECT_OBJC_ISA_USAGE = YES_ERROR;
				CLANG_WARN_DOCUMENTATION_COMMENTS = YES;
				CLANG_WARN_EMPTY_BODY = YES;
				CLANG_WARN_ENUM_CONVERSION = YES;
				CLANG_WARN_INFINITE_RECURSION = YES;
				CLANG_WARN_INT_CONVERSION = YES;
				CLANG_WARN_NON_LITERAL_NULL_CONVERSION = YES;
				CLANG_WARN_OBJC_IMPLICIT_RETAIN_SELF = YES;
				CLANG_WARN_OBJC_LITERAL_CONVERSION = YES;
				CLANG_WARN_OBJC_ROOT_CLASS = YES_ERROR;
				CLANG_WARN_QUOTED_INCLUDE_IN_FRAMEWORK_HEADER = YES;
				CLANG_WARN_RANGE_LOOP_ANALYSIS = YES;
				CLANG_WARN_STRICT_PROTOTYPES = YES;
				CLANG_WARN_SUSPICIOUS_MOVE = YES;
				CLANG_WARN_UNGUARDED_AVAILABILITY = YES_AGGRESSIVE;
				CLANG_WARN_UNREACHABLE_CODE = YES;
				CLANG_WARN__DUPLICATE_METHOD_MATCH = YES;
				COPY_PHASE_STRIP = NO;
				DEBUG_INFORMATION_FORMAT = "dwarf-with-dsym";
				ENABLE_NS_ASSERTIONS = NO;
				ENABLE_STRICT_OBJC_MSGSEND = YES;
				GCC_C_LANGUAGE_STANDARD = gnu11;
				GCC_NO_COMMON_BLOCKS = YES;
				GCC_WARN_64_TO_32_BIT_CONVERSION = YES;
				GCC_WARN_ABOUT_RETURN_TYPE = YES_ERROR;
				GCC_WARN_UNDECLARED_SELECTOR = YES;
				GCC_WARN_UNINITIALIZED_AUTOS = YES_AGGRESSIVE;
				GCC_WARN_UNUSED_FUNCTION = YES;
				GCC_WARN_UNUSED_VARIABLE = YES;
				IPHONEOS_DEPLOYMENT_TARGET = 12.0;
				MTL_ENABLE_DEBUG_INFO = NO;
				MTL_FAST_MATH = YES;
				SDKROOT = iphoneos;
				SWIFT_COMPILATION_MODE = wholemodule;
				SWIFT_OPTIMIZATION_LEVEL = "-O";
				VALIDATE_PRODUCT = YES;
			};
			name = Release;
		};
		3AD7CDE625635D14002B97CB /* Debug */ = {
			isa = XCBuildConfiguration;
			buildSettings = {
				ASSETCATALOG_COMPILER_APPICON_NAME = AppIcon;
				ASSETCATALOG_COMPILER_GLOBAL_ACCENT_COLOR_NAME = accentColor;
				CODE_SIGN_STYLE = Automatic;
				DEVELOPMENT_TEAM = 6EUUSR7G48;
				INFOPLIST_FILE = HKImageDemo/Info.plist;
				LD_RUNPATH_SEARCH_PATHS = (
					"$(inherited)",
					"@executable_path/Frameworks",
				);
				PRODUCT_BUNDLE_IDENTIFIER = seunghan.kim.image.demo;
				PRODUCT_NAME = "$(TARGET_NAME)";
				SWIFT_VERSION = 5.0;
				TARGETED_DEVICE_FAMILY = "1,2";
				TVOS_DEPLOYMENT_TARGET = 12.0;
				WATCHOS_DEPLOYMENT_TARGET = 5.0;
			};
			name = Debug;
		};
		3AD7CDE725635D14002B97CB /* Release */ = {
			isa = XCBuildConfiguration;
			buildSettings = {
				ASSETCATALOG_COMPILER_APPICON_NAME = AppIcon;
				ASSETCATALOG_COMPILER_GLOBAL_ACCENT_COLOR_NAME = accentColor;
				CODE_SIGN_STYLE = Automatic;
				DEVELOPMENT_TEAM = 6EUUSR7G48;
				INFOPLIST_FILE = HKImageDemo/Info.plist;
				LD_RUNPATH_SEARCH_PATHS = (
					"$(inherited)",
					"@executable_path/Frameworks",
				);
				PRODUCT_BUNDLE_IDENTIFIER = seunghan.kim.image.demo;
				PRODUCT_NAME = "$(TARGET_NAME)";
				SWIFT_VERSION = 5.0;
				TARGETED_DEVICE_FAMILY = "1,2";
				TVOS_DEPLOYMENT_TARGET = 12.0;
				WATCHOS_DEPLOYMENT_TARGET = 5.0;
			};
			name = Release;
		};
		3AD7CDE925635D14002B97CB /* Debug */ = {
			isa = XCBuildConfiguration;
			buildSettings = {
				ALWAYS_EMBED_SWIFT_STANDARD_LIBRARIES = YES;
				BUNDLE_LOADER = "$(TEST_HOST)";
				CODE_SIGN_STYLE = Automatic;
				DEVELOPMENT_TEAM = 6EUUSR7G48;
				INFOPLIST_FILE = HKImageDemoTests/Info.plist;
				IPHONEOS_DEPLOYMENT_TARGET = 12.0;
				LD_RUNPATH_SEARCH_PATHS = (
					"$(inherited)",
					"@executable_path/Frameworks",
					"@loader_path/Frameworks",
				);
				MACOSX_DEPLOYMENT_TARGET = 10.14;
				PRODUCT_BUNDLE_IDENTIFIER = seunghan.kim.HKImageDemoTests;
				PRODUCT_NAME = "$(TARGET_NAME)";
				SWIFT_VERSION = 5.0;
				TARGETED_DEVICE_FAMILY = "1,2";
				TEST_HOST = "$(BUILT_PRODUCTS_DIR)/HKImageDemo.app/HKImageDemo";
				TVOS_DEPLOYMENT_TARGET = 12.0;
				WATCHOS_DEPLOYMENT_TARGET = 5.0;
			};
			name = Debug;
		};
		3AD7CDEA25635D14002B97CB /* Release */ = {
			isa = XCBuildConfiguration;
			buildSettings = {
				ALWAYS_EMBED_SWIFT_STANDARD_LIBRARIES = YES;
				BUNDLE_LOADER = "$(TEST_HOST)";
				CODE_SIGN_STYLE = Automatic;
				DEVELOPMENT_TEAM = 6EUUSR7G48;
				INFOPLIST_FILE = HKImageDemoTests/Info.plist;
				IPHONEOS_DEPLOYMENT_TARGET = 12.0;
				LD_RUNPATH_SEARCH_PATHS = (
					"$(inherited)",
					"@executable_path/Frameworks",
					"@loader_path/Frameworks",
				);
				MACOSX_DEPLOYMENT_TARGET = 10.14;
				PRODUCT_BUNDLE_IDENTIFIER = seunghan.kim.HKImageDemoTests;
				PRODUCT_NAME = "$(TARGET_NAME)";
				SWIFT_VERSION = 5.0;
				TARGETED_DEVICE_FAMILY = "1,2";
				TEST_HOST = "$(BUILT_PRODUCTS_DIR)/HKImageDemo.app/HKImageDemo";
				TVOS_DEPLOYMENT_TARGET = 12.0;
				WATCHOS_DEPLOYMENT_TARGET = 5.0;
			};
			name = Release;
		};
/* End XCBuildConfiguration section */

/* Begin XCConfigurationList section */
		3AD7CDB625635D12002B97CB /* Build configuration list for PBXProject "HKImageDemo" */ = {
			isa = XCConfigurationList;
			buildConfigurations = (
				3AD7CDE325635D14002B97CB /* Debug */,
				3AD7CDE425635D14002B97CB /* Release */,
			);
			defaultConfigurationIsVisible = 0;
			defaultConfigurationName = Release;
		};
		3AD7CDE525635D14002B97CB /* Build configuration list for PBXNativeTarget "HKImageDemo" */ = {
			isa = XCConfigurationList;
			buildConfigurations = (
				3AD7CDE625635D14002B97CB /* Debug */,
				3AD7CDE725635D14002B97CB /* Release */,
			);
			defaultConfigurationIsVisible = 0;
			defaultConfigurationName = Release;
		};
		3AD7CDE825635D14002B97CB /* Build configuration list for PBXNativeTarget "HKImageDemoTests" */ = {
			isa = XCConfigurationList;
			buildConfigurations = (
				3AD7CDE925635D14002B97CB /* Debug */,
				3AD7CDEA25635D14002B97CB /* Release */,
			);
			defaultConfigurationIsVisible = 0;
			defaultConfigurationName = Release;
		};
/* End XCConfigurationList section */
	};
	rootObject = 3AD7CDB325635D12002B97CB /* Project object */;
}
